
Microsoft Visual Studio Solution File, Format Version 12.00
# Visual Studio Version 17
VisualStudioVersion = 17.10.35122.118
MinimumVisualStudioVersion = 10.0.40219.1
Project("{FAE04EC0-301F-11D3-BF4B-00C04F79EFBC}") = "pruebas_segundo_parcial", "pruebas_segundo_parcial.csproj", "{F1E62500-1147-455A-9AD9-F3F20CC846C5}"
EndProject
Global
	GlobalSection(SolutionConfigurationPlatforms) = preSolution
		Debug|Any CPU = Debug|Any CPU
		Release|Any CPU = Release|Any CPU
	EndGlobalSection
	GlobalSection(ProjectConfigurationPlatforms) = postSolution
		{F1E62500-1147-455A-9AD9-F3F20CC846C5}.Debug|Any CPU.ActiveCfg = Debug|Any CPU
		{F1E62500-1147-455A-9AD9-F3F20CC846C5}.Debug|Any CPU.Build.0 = Debug|Any CPU
		{F1E62500-1147-455A-9AD9-F3F20CC846C5}.Release|Any CPU.ActiveCfg = Release|Any CPU
		{F1E62500-1147-455A-9AD9-F3F20CC846C5}.Release|Any CPU.Build.0 = Release|Any CPU
	EndGlobalSection
	GlobalSection(SolutionProperties) = preSolution
		HideSolutionNode = FALSE
	EndGlobalSection
	GlobalSection(ExtensibilityGlobals) = postSolution
		SolutionGuid = {F3FAA8B6-B4FF-4CFC-85E7-C718B65B0ADB}
	EndGlobalSection
EndGlobal
